
Microsoft Visual Studio Solution File, Format Version 12.00
# Visual Studio Version 16
VisualStudioVersion = 16.0.30128.36
MinimumVisualStudioVersion = 10.0.40219.1
Project("{9A19103F-16F7-4668-BE54-9A1E7A4F7556}") = "PromQL.NET", "Source\PromQL.NET.csproj", "{D10904E0-43AB-4A18-90BB-470B1B5B56FA}"
EndProject
Project("{FAE04EC0-301F-11D3-BF4B-00C04F79EFBC}") = "Basic Usage", "Samples\Basic Usage\Basic Usage.csproj", "{2FD6893A-0C6A-4827-9A95-75F77EC08AD7}"
EndProject
Global
	GlobalSection(SolutionConfigurationPlatforms) = preSolution
		Debug|Any CPU = Debug|Any CPU
		Release|Any CPU = Release|Any CPU
	EndGlobalSection
	GlobalSection(ProjectConfigurationPlatforms) = postSolution
		{D10904E0-43AB-4A18-90BB-470B1B5B56FA}.Debug|Any CPU.ActiveCfg = Debug|Any CPU
		{D10904E0-43AB-4A18-90BB-470B1B5B56FA}.Debug|Any CPU.Build.0 = Debug|Any CPU
		{D10904E0-43AB-4A18-90BB-470B1B5B56FA}.Release|Any CPU.ActiveCfg = Release|Any CPU
		{D10904E0-43AB-4A18-90BB-470B1B5B56FA}.Release|Any CPU.Build.0 = Release|Any CPU
		{2FD6893A-0C6A-4827-9A95-75F77EC08AD7}.Debug|Any CPU.ActiveCfg = Debug|Any CPU
		{2FD6893A-0C6A-4827-9A95-75F77EC08AD7}.Debug|Any CPU.Build.0 = Debug|Any CPU
		{2FD6893A-0C6A-4827-9A95-75F77EC08AD7}.Release|Any CPU.ActiveCfg = Release|Any CPU
		{2FD6893A-0C6A-4827-9A95-75F77EC08AD7}.Release|Any CPU.Build.0 = Release|Any CPU
	EndGlobalSection
	GlobalSection(SolutionProperties) = preSolution
		HideSolutionNode = FALSE
	EndGlobalSection
	GlobalSection(ExtensibilityGlobals) = postSolution
		SolutionGuid = {F7DAC369-1294-4674-B2B3-4987BB856291}
	EndGlobalSection
EndGlobal
